
Microsoft Visual Studio Solution File, Format Version 12.00
# Visual Studio Version 16
VisualStudioVersion = 16.0.31129.286
MinimumVisualStudioVersion = 10.0.40219.1
Project("{9A19103F-16F7-4668-BE54-9A1E7A4F7556}") = "LesRegions", "LesRegions\LesRegions.csproj", "{B111517D-9209-4EE2-9D38-73C90E5DF113}"
EndProject
Project("{9A19103F-16F7-4668-BE54-9A1E7A4F7556}") = "Modele", "Modele\Modele.csproj", "{C8FA9EF0-3528-4E64-9094-FA1E3E935920}"
EndProject
Project("{9A19103F-16F7-4668-BE54-9A1E7A4F7556}") = "Test", "Test\Test.csproj", "{1522C4AD-2344-4A78-829F-69D7B0F99A51}"
EndProject
Project("{9A19103F-16F7-4668-BE54-9A1E7A4F7556}") = "TestUnitaires", "TestUnitaires\TestUnitaires.csproj", "{A3468ED7-3192-41C5-B723-35EACEA9586B}"
EndProject
Project("{9A19103F-16F7-4668-BE54-9A1E7A4F7556}") = "DataContract", "DataContract\DataContract.csproj", "{27ADEEA2-C5A6-40BA-87F5-895E37977881}"
EndProject
Project("{9A19103F-16F7-4668-BE54-9A1E7A4F7556}") = "Stub", "Stub\Stub.csproj", "{AC5DC7DA-37AD-4E61-9E93-AAEA8998357D}"
EndProject
Global
	GlobalSection(SolutionConfigurationPlatforms) = preSolution
		Debug|Any CPU = Debug|Any CPU
		Release|Any CPU = Release|Any CPU
	EndGlobalSection
	GlobalSection(ProjectConfigurationPlatforms) = postSolution
		{B111517D-9209-4EE2-9D38-73C90E5DF113}.Debug|Any CPU.ActiveCfg = Debug|Any CPU
		{B111517D-9209-4EE2-9D38-73C90E5DF113}.Debug|Any CPU.Build.0 = Debug|Any CPU
		{B111517D-9209-4EE2-9D38-73C90E5DF113}.Release|Any CPU.ActiveCfg = Release|Any CPU
		{B111517D-9209-4EE2-9D38-73C90E5DF113}.Release|Any CPU.Build.0 = Release|Any CPU
		{C8FA9EF0-3528-4E64-9094-FA1E3E935920}.Debug|Any CPU.ActiveCfg = Debug|Any CPU
		{C8FA9EF0-3528-4E64-9094-FA1E3E935920}.Debug|Any CPU.Build.0 = Debug|Any CPU
		{C8FA9EF0-3528-4E64-9094-FA1E3E935920}.Release|Any CPU.ActiveCfg = Release|Any CPU
		{C8FA9EF0-3528-4E64-9094-FA1E3E935920}.Release|Any CPU.Build.0 = Release|Any CPU
		{1522C4AD-2344-4A78-829F-69D7B0F99A51}.Debug|Any CPU.ActiveCfg = Debug|Any CPU
		{1522C4AD-2344-4A78-829F-69D7B0F99A51}.Debug|Any CPU.Build.0 = Debug|Any CPU
		{1522C4AD-2344-4A78-829F-69D7B0F99A51}.Release|Any CPU.ActiveCfg = Release|Any CPU
		{1522C4AD-2344-4A78-829F-69D7B0F99A51}.Release|Any CPU.Build.0 = Release|Any CPU
		{A3468ED7-3192-41C5-B723-35EACEA9586B}.Debug|Any CPU.ActiveCfg = Debug|Any CPU
		{A3468ED7-3192-41C5-B723-35EACEA9586B}.Debug|Any CPU.Build.0 = Debug|Any CPU
		{A3468ED7-3192-41C5-B723-35EACEA9586B}.Release|Any CPU.ActiveCfg = Release|Any CPU
		{A3468ED7-3192-41C5-B723-35EACEA9586B}.Release|Any CPU.Build.0 = Release|Any CPU
		{27ADEEA2-C5A6-40BA-87F5-895E37977881}.Debug|Any CPU.ActiveCfg = Debug|Any CPU
		{27ADEEA2-C5A6-40BA-87F5-895E37977881}.Debug|Any CPU.Build.0 = Debug|Any CPU
		{27ADEEA2-C5A6-40BA-87F5-895E37977881}.Release|Any CPU.ActiveCfg = Release|Any CPU
		{27ADEEA2-C5A6-40BA-87F5-895E37977881}.Release|Any CPU.Build.0 = Release|Any CPU
		{AC5DC7DA-37AD-4E61-9E93-AAEA8998357D}.Debug|Any CPU.ActiveCfg = Debug|Any CPU
		{AC5DC7DA-37AD-4E61-9E93-AAEA8998357D}.Debug|Any CPU.Build.0 = Debug|Any CPU
		{AC5DC7DA-37AD-4E61-9E93-AAEA8998357D}.Release|Any CPU.ActiveCfg = Release|Any CPU
		{AC5DC7DA-37AD-4E61-9E93-AAEA8998357D}.Release|Any CPU.Build.0 = Release|Any CPU
	EndGlobalSection
	GlobalSection(SolutionProperties) = preSolution
		HideSolutionNode = FALSE
	EndGlobalSection
	GlobalSection(ExtensibilityGlobals) = postSolution
		SolutionGuid = {45F4A28B-AC11-4FE1-88BE-85F0FE6A1C0B}
	EndGlobalSection
EndGlobal
